
Microsoft Visual Studio Solution File, Format Version 12.00
# Visual Studio Version 17
VisualStudioVersion = 17.2.32505.173
MinimumVisualStudioVersion = 10.0.40219.1
Project("{FAE04EC0-301F-11D3-BF4B-00C04F79EFBC}") = "Week22", "Week22.csproj", "{D6235BC6-7A20-4A0F-AF02-8254283C020D}"
EndProject
Global
	GlobalSection(SolutionConfigurationPlatforms) = preSolution
		Debug|Any CPU = Debug|Any CPU
		Release|Any CPU = Release|Any CPU
	EndGlobalSection
	GlobalSection(ProjectConfigurationPlatforms) = postSolution
		{D6235BC6-7A20-4A0F-AF02-8254283C020D}.Debug|Any CPU.ActiveCfg = Debug|Any CPU
		{D6235BC6-7A20-4A0F-AF02-8254283C020D}.Debug|Any CPU.Build.0 = Debug|Any CPU
		{D6235BC6-7A20-4A0F-AF02-8254283C020D}.Release|Any CPU.ActiveCfg = Release|Any CPU
		{D6235BC6-7A20-4A0F-AF02-8254283C020D}.Release|Any CPU.Build.0 = Release|Any CPU
	EndGlobalSection
	GlobalSection(SolutionProperties) = preSolution
		HideSolutionNode = FALSE
	EndGlobalSection
	GlobalSection(ExtensibilityGlobals) = postSolution
		SolutionGuid = {80F99B79-1111-4615-A573-3D20DE3F7353}
	EndGlobalSection
EndGlobal
